// !$*UTF8*$!
{
	archiveVersion = 1;
	classes = {
	};
	objectVersion = 46;
	objects = {

/* Begin PBXBuildFile section */
		14B955C81C6E3ADE000D720E /* AppDelegate.swift in Sources */ = {isa = PBXBuildFile; fileRef = 14B955C71C6E3ADE000D720E /* AppDelegate.swift */; };
		14B955CA1C6E3ADE000D720E /* ViewController.swift in Sources */ = {isa = PBXBuildFile; fileRef = 14B955C91C6E3ADE000D720E /* ViewController.swift */; };
		14B955CD1C6E3ADE000D720E /* Main.storyboard in Resources */ = {isa = PBXBuildFile; fileRef = 14B955CB1C6E3ADE000D720E /* Main.storyboard */; };
		14B955CF1C6E3ADE000D720E /* Assets.xcassets in Resources */ = {isa = PBXBuildFile; fileRef = 14B955CE1C6E3ADE000D720E /* Assets.xcassets */; };
		14B955D21C6E3ADE000D720E /* LaunchScreen.storyboard in Resources */ = {isa = PBXBuildFile; fileRef = 14B955D01C6E3ADE000D720E /* LaunchScreen.storyboard */; };
/* End PBXBuildFile section */

/* Begin PBXFileReference section */
		14B955C41C6E3ADE000D720E /* Dummy.app */ = {isa = PBXFileReference; explicitFileType = wrapper.application; includeInIndex = 0; path = Dummy.app; sourceTree = BUILT_PRODUCTS_DIR; };
		14B955C71C6E3ADE000D720E /* AppDelegate.swift */ = {isa = PBXFileReference; lastKnownFileType = sourcecode.swift; path = AppDelegate.swift; sourceTree = "<group>"; };
		14B955C91C6E3ADE000D720E /* ViewController.swift */ = {isa = PBXFileReference; lastKnownFileType = sourcecode.swift; path = ViewController.swift; sourceTree = "<group>"; };
		14B955CC1C6E3ADE000D720E /* Base */ = {isa = PBXFileReference; lastKnownFileType = file.storyboard; name = Base; path = Base.lproj/Main.storyboard; sourceTree = "<group>"; };
		14B955CE1C6E3ADE000D720E /* Assets.xcassets */ = {isa = PBXFileReference; lastKnownFileType = folder.assetcatalog; path = Assets.xcassets; sourceTree = "<group>"; };
		14B955D11C6E3ADE000D720E /* Base */ = {isa = PBXFileReference; lastKnownFileType = file.storyboard; name = Base; path = Base.lproj/LaunchScreen.storyboard; sourceTree = "<group>"; };
		14B955D31C6E3ADE000D720E /* Info.plist */ = {isa = PBXFileReference; lastKnownFileType = text.plist.xml; path = Info.plist; sourceTree = "<group>"; };
/* End PBXFileReference section */

/* Begin PBXFrameworksBuildPhase section */
		14B955C11C6E3ADE000D720E /* Frameworks */ = {
			isa = PBXFrameworksBuildPhase;
			buildActionMask = 2147483647;
			files = (
			);
			runOnlyForDeploymentPostprocessing = 0;
		};
/* End PBXFrameworksBuildPhase section */

/* Begin PBXGroup section */
		14B955BB1C6E3ADE000D720E = {
			isa = PBXGroup;
			children = (
				14B955C61C6E3ADE000D720E /* Dummy */,
				14B955C51C6E3ADE000D720E /* Products */,
			);
			sourceTree = "<group>";
		};
		14B955C51C6E3ADE000D720E /* Products */ = {
			isa = PBXGroup;
			children = (
				14B955C41C6E3ADE000D720E /* Dummy.app */,
			);
			name = Products;
			sourceTree = "<group>";
		};
		14B955C61C6E3ADE000D720E /* Dummy */ = {
			isa = PBXGroup;
			children = (
				14B955C71C6E3ADE000D720E /* AppDelegate.swift */,
				14B955C91C6E3ADE000D720E /* ViewController.swift */,
				14B955CB1C6E3ADE000D720E /* Main.storyboard */,
				14B955CE1C6E3ADE000D720E /* Assets.xcassets */,
				14B955D01C6E3ADE000D720E /* LaunchScreen.storyboard */,
				14B955D31C6E3ADE000D720E /* Info.plist */,
			);
			path = Dummy;
			sourceTree = "<group>";
		};
/* End PBXGroup section */

/* Begin PBXNativeTarget section */
		14B955C31C6E3ADE000D720E /* Dummy */ = {
			isa = PBXNativeTarget;
			buildConfigurationList = 14B955D61C6E3ADE000D720E /* Build configuration list for PBXNativeTarget "Dummy" */;
			buildPhases = (
				14B955C01C6E3ADE000D720E /* Sources */,
				14B955C11C6E3ADE000D720E /* Frameworks */,
				14B955C21C6E3ADE000D720E /* Resources */,
			);
			buildRules = (
			);
			dependencies = (
			);
			name = Dummy;
			productName = Dummy;
			productReference = 14B955C41C6E3ADE000D720E /* Dummy.app */;
			productType = "com.apple.product-type.application";
		};
/* End PBXNativeTarget section */

/* Begin PBXProject section */
		14B955BC1C6E3ADE000D720E /* Project object */ = {
			isa = PBXProject;
			attributes = {
				LastSwiftUpdateCheck = 0730;
				LastUpgradeCheck = 0730;
				ORGANIZATIONNAME = "Seán Labastille";
				TargetAttributes = {
					14B955C31C6E3ADE000D720E = {
						CreatedOnToolsVersion = 7.3;
					};
				};
			};
			buildConfigurationList = 14B955BF1C6E3ADE000D720E /* Build configuration list for PBXProject "Dummy" */;
			compatibilityVersion = "Xcode 3.2";
			developmentRegion = English;
			hasScannedForEncodings = 0;
			knownRegions = (
				en,
				Base,
			);
			mainGroup = 14B955BB1C6E3ADE000D720E;
			productRefGroup = 14B955C51C6E3ADE000D720E /* Products */;
			projectDirPath = "";
			projectRoot = "";
			targets = (
				14B955C31C6E3ADE000D720E /* Dummy */,
			);
		};
/* End PBXProject section */

/* Begin PBXResourcesBuildPhase section */
		14B955C21C6E3ADE000D720E /* Resources */ = {
			isa = PBXResourcesBuildPhase;
			buildActionMask = 2147483647;
			files = (
				14B955D21C6E3ADE000D720E /* LaunchScreen.storyboard in Resources */,
				14B955CF1C6E3ADE000D720E /* Assets.xcassets in Resources */,
				14B955CD1C6E3ADE000D720E /* Main.storyboard in Resources */,
			);
			runOnlyForDeploymentPostprocessing = 0;
		};
/* End PBXResourcesBuildPhase section */

/* Begin PBXSourcesBuildPhase section */
		14B955C01C6E3ADE000D720E /* Sources */ = {
			isa = PBXSourcesBuildPhase;
			buildActionMask = 2147483647;
			files = (
				14B955CA1C6E3ADE000D720E /* ViewController.swift in Sources */,
				14B955C81C6E3ADE000D720E /* AppDelegate.swift in Sources */,
			);
			runOnlyForDeploymentPostprocessing = 0;
		};
/* End PBXSourcesBuildPhase section */

/* Begin PBXVariantGroup section */
		14B955CB1C6E3ADE000D720E /* Main.storyboard */ = {
			isa = PBXVariantGroup;
			children = (
				14B955CC1C6E3ADE000D720E /* Base */,
			);
			name = Main.storyboard;
			sourceTree = "<group>";
		};
		14B955D01C6E3ADE000D720E /* LaunchScreen.storyboard */ = {
			isa = PBXVariantGroup;
			children = (
				14B955D11C6E3ADE000D720E /* Base */,
			);
			name = LaunchScreen.storyboard;
			sourceTree = "<group>";
		};
/* End PBXVariantGroup section */

/* Begin XCBuildConfiguration section */
		14B955D41C6E3ADE000D720E /* Debug */ = {
			isa = XCBuildConfiguration;
			buildSettings = {
				ALWAYS_SEARCH_USER_PATHS = NO;
				CLANG_ANALYZER_NONNULL = YES;
				CLANG_CXX_LANGUAGE_STANDARD = "gnu++0x";
				CLANG_CXX_LIBRARY = "libc++";
				CLANG_ENABLE_MODULES = YES;
				CLANG_ENABLE_OBJC_ARC = YES;
				CLANG_WARN_BOOL_CONVERSION = YES;
				CLANG_WARN_CONSTANT_CONVERSION = YES;
				CLANG_WARN_DIRECT_OBJC_ISA_USAGE = YES_ERROR;
				CLANG_WARN_EMPTY_BODY = YES;
				CLANG_WARN_ENUM_CONVERSION = YES;
				CLANG_WARN_INT_CONVERSION = YES;
				CLANG_WARN_OBJC_ROOT_CLASS = YES_ERROR;
				CLANG_WARN_UNREACHABLE_CODE = YES;
				CLANG_WARN__DUPLICATE_METHOD_MATCH = YES;
				"CODE_SIGN_IDENTITY[sdk=iphoneos*]" = "iPhone Developer";
				COPY_PHASE_STRIP = NO;
				DEBUG_INFORMATION_FORMAT = dwarf;
				ENABLE_STRICT_OBJC_MSGSEND = YES;
				ENABLE_TESTABILITY = YES;
				GCC_C_LANGUAGE_STANDARD = gnu99;
				GCC_DYNAMIC_NO_PIC = NO;
				GCC_NO_COMMON_BLOCKS = YES;
				GCC_OPTIMIZATION_LEVEL = 0;
				GCC_PREPROCESSOR_DEFINITIONS = (
					"DEBUG=1",
					"$(inherited)",
				);
				GCC_WARN_64_TO_32_BIT_CONVERSION = YES;
				GCC_WARN_ABOUT_RETURN_TYPE = YES_ERROR;
				GCC_WARN_UNDECLARED_SELECTOR = YES;
				GCC_WARN_UNINITIALIZED_AUTOS = YES_AGGRESSIVE;
				GCC_WARN_UNUSED_FUNCTION = YES;
				GCC_WARN_UNUSED_VARIABLE = YES;
				IPHONEOS_DEPLOYMENT_TARGET = 9.3;
				MTL_ENABLE_DEBUG_INFO = YES;
				ONLY_ACTIVE_ARCH = YES;
				SDKROOT = iphoneos;
				SWIFT_OPTIMIZATION_LEVEL = "-Onone";
				TARGETED_DEVICE_FAMILY = "1,2";
			};
			name = Debug;
		};
		14B955D51C6E3ADE000D720E /* Release */ = {
			isa = XCBuildConfiguration;
			buildSettings = {
				ALWAYS_SEARCH_USER_PATHS = NO;
				CLANG_ANALYZER_NONNULL = YES;
				CLANG_CXX_LANGUAGE_STANDARD = "gnu++0x";
				CLANG_CXX_LIBRARY = "libc++";
				CLANG_ENABLE_MODULES = YES;
				CLANG_ENABLE_OBJC_ARC = YES;
				CLANG_WARN_BOOL_CONVERSION = YES;
				CLANG_WARN_CONSTANT_CONVERSION = YES;
				CLANG_WARN_DIRECT_OBJC_ISA_USAGE = YES_ERROR;
				CLANG_WARN_EMPTY_BODY = YES;
				CLANG_WARN_ENUM_CONVERSION = YES;
				CLANG_WARN_INT_CONVERSION = YES;
				CLANG_WARN_OBJC_ROOT_CLASS = YES_ERROR;
				CLANG_WARN_UNREACHABLE_CODE = YES;
				CLANG_WARN__DUPLICATE_METHOD_MATCH = YES;
				"CODE_SIGN_IDENTITY[sdk=iphoneos*]" = "iPhone Developer";
				COPY_PHASE_STRIP = NO;
				DEBUG_INFORMATION_FORMAT = "dwarf-with-dsym";
				ENABLE_NS_ASSERTIONS = NO;
				ENABLE_STRICT_OBJC_MSGSEND = YES;
				GCC_C_LANGUAGE_STANDARD = gnu99;
				GCC_NO_COMMON_BLOCKS = YES;
				GCC_WARN_64_TO_32_BIT_CONVERSION = YES;
				GCC_WARN_ABOUT_RETURN_TYPE = YES_ERROR;
				GCC_WARN_UNDECLARED_SELECTOR = YES;
				GCC_WARN_UNINITIALIZED_AUTOS = YES_AGGRESSIVE;
				GCC_WARN_UNUSED_FUNCTION = YES;
				GCC_WARN_UNUSED_VARIABLE = YES;
				IPHONEOS_DEPLOYMENT_TARGET = 9.3;
				MTL_ENABLE_DEBUG_INFO = NO;
				SDKROOT = iphoneos;
				TARGETED_DEVICE_FAMILY = "1,2";
				VALIDATE_PRODUCT = YES;
			};
			name = Release;
		};
		14B955D71C6E3ADE000D720E /* Debug */ = {
			isa = XCBuildConfiguration;
			buildSettings = {
				ASSETCATALOG_COMPILER_APPICON_NAME = AppIcon;
				INFOPLIST_FILE = Dummy/Info.plist;
				LD_RUNPATH_SEARCH_PATHS = "$(inherited) @executable_path/Frameworks";
				PRODUCT_BUNDLE_IDENTIFIER = li.lsr.Dummy;
				PRODUCT_NAME = "$(TARGET_NAME)";
			};
			name = Debug;
		};
		14B955D81C6E3ADE000D720E /* Release */ = {
			isa = XCBuildConfiguration;
			buildSettings = {
				ASSETCATALOG_COMPILER_APPICON_NAME = AppIcon;
				INFOPLIST_FILE = Dummy/Info.plist;
				LD_RUNPATH_SEARCH_PATHS = "$(inherited) @executable_path/Frameworks";
				PRODUCT_BUNDLE_IDENTIFIER = li.lsr.Dummy;
				PRODUCT_NAME = "$(TARGET_NAME)";
			};
			name = Release;
		};
/* End XCBuildConfiguration section */

/* Begin XCConfigurationList section */
		14B955BF1C6E3ADE000D720E /* Build configuration list for PBXProject "Dummy" */ = {
			isa = XCConfigurationList;
			buildConfigurations = (
				14B955D41C6E3ADE000D720E /* Debug */,
				14B955D51C6E3ADE000D720E /* Release */,
			);
			defaultConfigurationIsVisible = 0;
			defaultConfigurationName = Release;
		};
		14B955D61C6E3ADE000D720E /* Build configuration list for PBXNativeTarget "Dummy" */ = {
			isa = XCConfigurationList;
			buildConfigurations = (
				14B955D71C6E3ADE000D720E /* Debug */,
				14B955D81C6E3ADE000D720E /* Release */,
			);
			defaultConfigurationIsVisible = 0;
		};
/* End XCConfigurationList section */
	};
	rootObject = 14B955BC1C6E3ADE000D720E /* Project object */;
}
